
Microsoft Visual Studio Solution File, Format Version 12.00
# Visual Studio Version 16
VisualStudioVersion = 16.0.31112.23
MinimumVisualStudioVersion = 10.0.40219.1
Project("{FAE04EC0-301F-11D3-BF4B-00C04F79EFBC}") = "DesktopSorter", "DesktopSorter\DesktopSorter.csproj", "{45B8BD88-69DB-4694-B24C-52E5FBFCB333}"
EndProject
Global
	GlobalSection(SolutionConfigurationPlatforms) = preSolution
		Debug|Any CPU = Debug|Any CPU
		Release|Any CPU = Release|Any CPU
	EndGlobalSection
	GlobalSection(ProjectConfigurationPlatforms) = postSolution
		{45B8BD88-69DB-4694-B24C-52E5FBFCB333}.Debug|Any CPU.ActiveCfg = Debug|Any CPU
		{45B8BD88-69DB-4694-B24C-52E5FBFCB333}.Debug|Any CPU.Build.0 = Debug|Any CPU
		{45B8BD88-69DB-4694-B24C-52E5FBFCB333}.Release|Any CPU.ActiveCfg = Release|Any CPU
		{45B8BD88-69DB-4694-B24C-52E5FBFCB333}.Release|Any CPU.Build.0 = Release|Any CPU
	EndGlobalSection
	GlobalSection(SolutionProperties) = preSolution
		HideSolutionNode = FALSE
	EndGlobalSection
	GlobalSection(ExtensibilityGlobals) = postSolution
		SolutionGuid = {C2537359-C2FB-4B8E-9203-06359C09F150}
	EndGlobalSection
EndGlobal
